# This file is automatically @generated by Cargo.
# It is not intended for manual editing.
version = 4

[[package]]
name = "arya-vault-cli"
version = "0.0.0"

[[package]]
name = "arya-vault-crypto"
version = "0.0.0"

[[package]]
name = "arya-vault-ffi"
version = "0.0.0"

[[package]]
name = "arya-vault-generator"
version = "0.0.0"

[[package]]
name = "arya-vault-providers-cloudkit"
version = "0.0.0"

[[package]]
name = "arya-vault-providers-folder"
version = "0.0.0"

[[package]]
name = "arya-vault-providers-gdrive"
version = "0.0.0"

[[package]]
name = "arya-vault-storage"
version = "0.0.0"

[[package]]
name = "arya-vault-sync"
version = "0.0.0"

[[package]]
name = "arya-vault-vault"
version = "0.0.0"
